PODS:
  - UIViewControllerRotate (2.0.0)

DEPENDENCIES:
  - UIViewControllerRotate (from `../`)

EXTERNAL SOURCES:
  UIViewControllerRotate:
    :path: "../"

SPEC CHECKSUMS:
  UIViewControllerRotate: 9b1ab5d4bac82ebd35cba6792168d2b9ea7ba1da

PODFILE CHECKSUM: b97271ce7e3c1d7cce86eb0be8ca84b6a3534623

COCOAPODS: 1.8.3
